
Microsoft Visual Studio Solution File, Format Version 12.00
# Visual Studio 2013
VisualStudioVersion = 12.0.31101.0
MinimumVisualStudioVersion = 10.0.40219.1
Project("{FAE04EC0-301F-11D3-BF4B-00C04F79EFBC}") = "OLog.ODataBackend", "ODataBackend/OLog.ODataBackend.csproj", "{81964B71-0C95-475B-A34F-AE58A0AB4D40}"
EndProject
Project("{FAE04EC0-301F-11D3-BF4B-00C04F79EFBC}") = "OLog.Objects", "Objects/OLog.Objects.csproj", "{C5DF5A7A-7081-4F4D-917C-0C8298B7FD61}"
EndProject
Global
	GlobalSection(SolutionConfigurationPlatforms) = preSolution
Debug|Any CPU = Debug|Any CPU
Release|Any CPU = Release|Any CPU
	EndGlobalSection
	GlobalSection(ProjectConfigurationPlatforms) = postSolution
		{81964B71-0C95-475B-A34F-AE58A0AB4D40}.Debug|Any CPU.ActiveCfg = Debug|Any CPU
		{81964B71-0C95-475B-A34F-AE58A0AB4D40}.Debug|Any CPU.Build.0 = Debug|Any CPU
		{81964B71-0C95-475B-A34F-AE58A0AB4D40}.Release|Any CPU.ActiveCfg = Release|Any CPU
		{81964B71-0C95-475B-A34F-AE58A0AB4D40}.Release|Any CPU.Build.0 = Release|Any CPU
		{C5DF5A7A-7081-4F4D-917C-0C8298B7FD61}.Debug|Any CPU.ActiveCfg = Debug|Any CPU
		{C5DF5A7A-7081-4F4D-917C-0C8298B7FD61}.Debug|Any CPU.Build.0 = Debug|Any CPU
		{C5DF5A7A-7081-4F4D-917C-0C8298B7FD61}.Release|Any CPU.ActiveCfg = Release|Any CPU
		{C5DF5A7A-7081-4F4D-917C-0C8298B7FD61}.Release|Any CPU.Build.0 = Release|Any CPU
	EndGlobalSection
	GlobalSection(SolutionProperties) = preSolution
		HideSolutionNode = FALSE
	EndGlobalSection
EndGlobal
